// !$*UTF8*$!
{
	archiveVersion = 1;
	classes = {
	};
	objectVersion = 46;
	objects = {

/* Begin PBXBuildFile section */
		4645540E1718C87600074C6F /* NSCalendar+Components.m in Sources */ = {isa = PBXBuildFile; fileRef = 4645540D1718C87600074C6F /* NSCalendar+Components.m */; };
		4645540F1718C87600074C6F /* NSCalendar+Components.m in Sources */ = {isa = PBXBuildFile; fileRef = 4645540D1718C87600074C6F /* NSCalendar+Components.m */; };
		46631FB8171B01F400DA27CC /* QuartzCore.framework in Frameworks */ = {isa = PBXBuildFile; fileRef = 46631FB7171B01F400DA27CC /* QuartzCore.framework */; };
		46631FB9171B025600DA27CC /* QuartzCore.framework in Frameworks */ = {isa = PBXBuildFile; fileRef = 46631FB7171B01F400DA27CC /* QuartzCore.framework */; };
		46A60E77171646F4002F150B /* NSCalendar+Juncture.m in Sources */ = {isa = PBXBuildFile; fileRef = 46A60E76171646F4002F150B /* NSCalendar+Juncture.m */; };
		46A60E78171646F4002F150B /* NSCalendar+Juncture.m in Sources */ = {isa = PBXBuildFile; fileRef = 46A60E76171646F4002F150B /* NSCalendar+Juncture.m */; };
		46A60E7B1716639B002F150B /* NSCalendar+DateManipulation.m in Sources */ = {isa = PBXBuildFile; fileRef = 46A60E7A1716639B002F150B /* NSCalendar+DateManipulation.m */; };
		46A60E7C1716639B002F150B /* NSCalendar+DateManipulation.m in Sources */ = {isa = PBXBuildFile; fileRef = 46A60E7A1716639B002F150B /* NSCalendar+DateManipulation.m */; };
		46B1F448171B82B9003314A3 /* CKCakeEvent.m in Sources */ = {isa = PBXBuildFile; fileRef = 46B1F447171B82B9003314A3 /* CKCakeEvent.m */; };
		46B1F449171B82B9003314A3 /* CKCakeEvent.m in Sources */ = {isa = PBXBuildFile; fileRef = 46B1F447171B82B9003314A3 /* CKCakeEvent.m */; };
		46B1F450171BAD0D003314A3 /* MBPolygonView.m in Sources */ = {isa = PBXBuildFile; fileRef = 46B1F44F171BAD0D003314A3 /* MBPolygonView.m */; };
		46B1F451171BADA7003314A3 /* MBPolygonView.m in Sources */ = {isa = PBXBuildFile; fileRef = 46B1F44F171BAD0D003314A3 /* MBPolygonView.m */; };
		46B3678A171A3C1F000F1B25 /* NSCalendar+DateComparison.m in Sources */ = {isa = PBXBuildFile; fileRef = 46B36789171A3C1F000F1B25 /* NSCalendar+DateComparison.m */; };
		46B3678B171A3C1F000F1B25 /* NSCalendar+DateComparison.m in Sources */ = {isa = PBXBuildFile; fileRef = 46B36789171A3C1F000F1B25 /* NSCalendar+DateComparison.m */; };
		46B36792171A7E0C000F1B25 /* NSDate+Description.m in Sources */ = {isa = PBXBuildFile; fileRef = 46B36791171A7E0C000F1B25 /* NSDate+Description.m */; };
		46B36793171A7E0C000F1B25 /* NSDate+Description.m in Sources */ = {isa = PBXBuildFile; fileRef = 46B36791171A7E0C000F1B25 /* NSDate+Description.m */; };
		46B36796171A8A34000F1B25 /* CKCakeHeaderView.m in Sources */ = {isa = PBXBuildFile; fileRef = 46B36795171A8A34000F1B25 /* CKCakeHeaderView.m */; };
		46B36797171A8A34000F1B25 /* CKCakeHeaderView.m in Sources */ = {isa = PBXBuildFile; fileRef = 46B36795171A8A34000F1B25 /* CKCakeHeaderView.m */; };
		46BFBCC31715FB3F00D4733E /* UIKit.framework in Frameworks */ = {isa = PBXBuildFile; fileRef = 46BFBCC21715FB3F00D4733E /* UIKit.framework */; };
		46BFBCC51715FB3F00D4733E /* Foundation.framework in Frameworks */ = {isa = PBXBuildFile; fileRef = 46BFBCC41715FB3F00D4733E /* Foundation.framework */; };
		46BFBCC71715FB3F00D4733E /* CoreGraphics.framework in Frameworks */ = {isa = PBXBuildFile; fileRef = 46BFBCC61715FB3F00D4733E /* CoreGraphics.framework */; };
		46BFBCCD1715FB3F00D4733E /* InfoPlist.strings in Resources */ = {isa = PBXBuildFile; fileRef = 46BFBCCB1715FB3F00D4733E /* InfoPlist.strings */; };
		46BFBCCF1715FB3F00D4733E /* main.m in Sources */ = {isa = PBXBuildFile; fileRef = 46BFBCCE1715FB3F00D4733E /* main.m */; };
		46BFBCD31715FB3F00D4733E /* CKAppDelegate.m in Sources */ = {isa = PBXBuildFile; fileRef = 46BFBCD21715FB3F00D4733E /* CKAppDelegate.m */; };
		46BFBCD51715FB3F00D4733E /* Default.png in Resources */ = {isa = PBXBuildFile; fileRef = 46BFBCD41715FB3F00D4733E /* Default.png */; };
		46BFBCD71715FB3F00D4733E /* Default@2x.png in Resources */ = {isa = PBXBuildFile; fileRef = 46BFBCD61715FB3F00D4733E /* Default@2x.png */; };
		46BFBCD91715FB3F00D4733E /* Default-568h@2x.png in Resources */ = {isa = PBXBuildFile; fileRef = 46BFBCD81715FB3F00D4733E /* Default-568h@2x.png */; };
		46BFBCDC1715FB3F00D4733E /* CKViewController.m in Sources */ = {isa = PBXBuildFile; fileRef = 46BFBCDB1715FB3F00D4733E /* CKViewController.m */; };
		46BFBCDF1715FB3F00D4733E /* CKViewController.xib in Resources */ = {isa = PBXBuildFile; fileRef = 46BFBCDD1715FB3F00D4733E /* CKViewController.xib */; };
		46BFBCE71715FB3F00D4733E /* SenTestingKit.framework in Frameworks */ = {isa = PBXBuildFile; fileRef = 46BFBCE61715FB3F00D4733E /* SenTestingKit.framework */; };
		46BFBCE81715FB3F00D4733E /* UIKit.framework in Frameworks */ = {isa = PBXBuildFile; fileRef = 46BFBCC21715FB3F00D4733E /* UIKit.framework */; };
		46BFBCE91715FB3F00D4733E /* Foundation.framework in Frameworks */ = {isa = PBXBuildFile; fileRef = 46BFBCC41715FB3F00D4733E /* Foundation.framework */; };
		46BFBCF11715FB3F00D4733E /* InfoPlist.strings in Resources */ = {isa = PBXBuildFile; fileRef = 46BFBCEF1715FB3F00D4733E /* InfoPlist.strings */; };
		46BFBCF41715FB3F00D4733E /* MBChocolateCakeTests.m in Sources */ = {isa = PBXBuildFile; fileRef = 46BFBCF31715FB3F00D4733E /* MBChocolateCakeTests.m */; };
		46BFBD1F171603BB00D4733E /* UIColor+HexString.m in Sources */ = {isa = PBXBuildFile; fileRef = 46BFBD16171603BB00D4733E /* UIColor+HexString.m */; };
		46BFBD20171603BB00D4733E /* UIColor+HexString.m in Sources */ = {isa = PBXBuildFile; fileRef = 46BFBD16171603BB00D4733E /* UIColor+HexString.m */; };
		46BFBD271716046E00D4733E /* NSString+Color.m in Sources */ = {isa = PBXBuildFile; fileRef = 46BFBD261716046E00D4733E /* NSString+Color.m */; };
		46BFBD281716046E00D4733E /* NSString+Color.m in Sources */ = {isa = PBXBuildFile; fileRef = 46BFBD261716046E00D4733E /* NSString+Color.m */; };
		46BFBD2E171605C500D4733E /* CKCakeCell.m in Sources */ = {isa = PBXBuildFile; fileRef = 46BFBD2B171605C500D4733E /* CKCakeCell.m */; };
		46BFBD2F171605C500D4733E /* CKCakeCell.m in Sources */ = {isa = PBXBuildFile; fileRef = 46BFBD2B171605C500D4733E /* CKCakeCell.m */; };
		46BFBD30171605C500D4733E /* CKCakeView.m in Sources */ = {isa = PBXBuildFile; fileRef = 46BFBD2D171605C500D4733E /* CKCakeView.m */; };
		46BFBD31171605C500D4733E /* CKCakeView.m in Sources */ = {isa = PBXBuildFile; fileRef = 46BFBD2D171605C500D4733E /* CKCakeView.m */; };
		46BFBD341716152300D4733E /* NSCalendar+Ranges.m in Sources */ = {isa = PBXBuildFile; fileRef = 46BFBD331716152300D4733E /* NSCalendar+Ranges.m */; };
		46BFBD351716152300D4733E /* NSCalendar+Ranges.m in Sources */ = {isa = PBXBuildFile; fileRef = 46BFBD331716152300D4733E /* NSCalendar+Ranges.m */; };
		46F1BC711718853100F8356F /* UIView+Border.m in Sources */ = {isa = PBXBuildFile; fileRef = 46F1BC701718853100F8356F /* UIView+Border.m */; };
		46F1BC72171885E200F8356F /* UIView+Border.m in Sources */ = {isa = PBXBuildFile; fileRef = 46F1BC701718853100F8356F /* UIView+Border.m */; };
		46F1BC7317188D7200F8356F /* CoreGraphics.framework in Frameworks */ = {isa = PBXBuildFile; fileRef = 46BFBCC61715FB3F00D4733E /* CoreGraphics.framework */; };
		46F1BC7A1718949600F8356F /* NSDate+Components.m in Sources */ = {isa = PBXBuildFile; fileRef = 46F1BC791718949600F8356F /* NSDate+Components.m */; };
		46F1BC7B1718949600F8356F /* NSDate+Components.m in Sources */ = {isa = PBXBuildFile; fileRef = 46F1BC791718949600F8356F /* NSDate+Components.m */; };
		46F1BC7E171897AF00F8356F /* NSDateComponents+AllComponents.m in Sources */ = {isa = PBXBuildFile; fileRef = 46F1BC7D171897AF00F8356F /* NSDateComponents+AllComponents.m */; };
		46F1BC7F171897AF00F8356F /* NSDateComponents+AllComponents.m in Sources */ = {isa = PBXBuildFile; fileRef = 46F1BC7D171897AF00F8356F /* NSDateComponents+AllComponents.m */; };
/* End PBXBuildFile section */

/* Begin PBXContainerItemProxy section */
		46BFBCEA1715FB3F00D4733E /* PBXContainerItemProxy */ = {
			isa = PBXContainerItemProxy;
			containerPortal = 46BFBCB71715FB3F00D4733E /* Project object */;
			proxyType = 1;
			remoteGlobalIDString = 46BFBCBE1715FB3F00D4733E;
			remoteInfo = MBChocolateCake;
		};
/* End PBXContainerItemProxy section */

/* Begin PBXFileReference section */
		4645540C1718C87600074C6F /* NSCalendar+Components.h */ = {isa = PBXFileReference; fileEncoding = 4; lastKnownFileType = sourcecode.c.h; path = "NSCalendar+Components.h"; sourceTree = "<group>"; };
		4645540D1718C87600074C6F /* NSCalendar+Components.m */ = {isa = PBXFileReference; fileEncoding = 4; lastKnownFileType = sourcecode.c.objc; path = "NSCalendar+Components.m"; sourceTree = "<group>"; };
		46631FB6171AA09800DA27CC /* CKCakeHeaderColors.h */ = {isa = PBXFileReference; fileEncoding = 4; lastKnownFileType = sourcecode.c.h; path = CKCakeHeaderColors.h; sourceTree = "<group>"; };
		46631FB7171B01F400DA27CC /* QuartzCore.framework */ = {isa = PBXFileReference; lastKnownFileType = wrapper.framework; name = QuartzCore.framework; path = System/Library/Frameworks/QuartzCore.framework; sourceTree = SDKROOT; };
		46A60E75171646F4002F150B /* NSCalendar+Juncture.h */ = {isa = PBXFileReference; fileEncoding = 4; lastKnownFileType = sourcecode.c.h; path = "NSCalendar+Juncture.h"; sourceTree = "<group>"; };
		46A60E76171646F4002F150B /* NSCalendar+Juncture.m */ = {isa = PBXFileReference; fileEncoding = 4; lastKnownFileType = sourcecode.c.objc; path = "NSCalendar+Juncture.m"; sourceTree = "<group>"; };
		46A60E791716639B002F150B /* NSCalendar+DateManipulation.h */ = {isa = PBXFileReference; fileEncoding = 4; lastKnownFileType = sourcecode.c.h; path = "NSCalendar+DateManipulation.h"; sourceTree = "<group>"; };
		46A60E7A1716639B002F150B /* NSCalendar+DateManipulation.m */ = {isa = PBXFileReference; fileEncoding = 4; lastKnownFileType = sourcecode.c.objc; path = "NSCalendar+DateManipulation.m"; sourceTree = "<group>"; };
		46B1F446171B82B9003314A3 /* CKCakeEvent.h */ = {isa = PBXFileReference; fileEncoding = 4; lastKnownFileType = sourcecode.c.h; path = CKCakeEvent.h; sourceTree = "<group>"; };
		46B1F447171B82B9003314A3 /* CKCakeEvent.m */ = {isa = PBXFileReference; fileEncoding = 4; lastKnownFileType = sourcecode.c.objc; path = CKCakeEvent.m; sourceTree = "<group>"; };
		46B1F44E171BAD0D003314A3 /* MBPolygonView.h */ = {isa = PBXFileReference; fileEncoding = 4; lastKnownFileType = sourcecode.c.h; path = MBPolygonView.h; sourceTree = "<group>"; };
		46B1F44F171BAD0D003314A3 /* MBPolygonView.m */ = {isa = PBXFileReference; fileEncoding = 4; lastKnownFileType = sourcecode.c.objc; path = MBPolygonView.m; sourceTree = "<group>"; };
		46B36788171A3C1F000F1B25 /* NSCalendar+DateComparison.h */ = {isa = PBXFileReference; fileEncoding = 4; lastKnownFileType = sourcecode.c.h; path = "NSCalendar+DateComparison.h"; sourceTree = "<group>"; };
		46B36789171A3C1F000F1B25 /* NSCalendar+DateComparison.m */ = {isa = PBXFileReference; fileEncoding = 4; lastKnownFileType = sourcecode.c.objc; path = "NSCalendar+DateComparison.m"; sourceTree = "<group>"; };
		46B36790171A7E0C000F1B25 /* NSDate+Description.h */ = {isa = PBXFileReference; fileEncoding = 4; lastKnownFileType = sourcecode.c.h; path = "NSDate+Description.h"; sourceTree = "<group>"; };
		46B36791171A7E0C000F1B25 /* NSDate+Description.m */ = {isa = PBXFileReference; fileEncoding = 4; lastKnownFileType = sourcecode.c.objc; path = "NSDate+Description.m"; sourceTree = "<group>"; };
		46B36794171A8A34000F1B25 /* CKCakeHeaderView.h */ = {isa = PBXFileReference; fileEncoding = 4; lastKnownFileType = sourcecode.c.h; path = CKCakeHeaderView.h; sourceTree = "<group>"; };
		46B36795171A8A34000F1B25 /* CKCakeHeaderView.m */ = {isa = PBXFileReference; fileEncoding = 4; lastKnownFileType = sourcecode.c.objc; path = CKCakeHeaderView.m; sourceTree = "<group>"; };
		46B36798171A8B52000F1B25 /* NSCalendarCategories.h */ = {isa = PBXFileReference; fileEncoding = 4; lastKnownFileType = sourcecode.c.h; path = NSCalendarCategories.h; sourceTree = "<group>"; };
		46BFBCBF1715FB3F00D4733E /* MBChocolateCake.app */ = {isa = PBXFileReference; explicitFileType = wrapper.application; includeInIndex = 0; path = MBChocolateCake.app; sourceTree = BUILT_PRODUCTS_DIR; };
		46BFBCC21715FB3F00D4733E /* UIKit.framework */ = {isa = PBXFileReference; lastKnownFileType = wrapper.framework; name = UIKit.framework; path = System/Library/Frameworks/UIKit.framework; sourceTree = SDKROOT; };
		46BFBCC41715FB3F00D4733E /* Foundation.framework */ = {isa = PBXFileReference; lastKnownFileType = wrapper.framework; name = Foundation.framework; path = System/Library/Frameworks/Foundation.framework; sourceTree = SDKROOT; };
		46BFBCC61715FB3F00D4733E /* CoreGraphics.framework */ = {isa = PBXFileReference; lastKnownFileType = wrapper.framework; name = CoreGraphics.framework; path = System/Library/Frameworks/CoreGraphics.framework; sourceTree = SDKROOT; };
		46BFBCCA1715FB3F00D4733E /* MBChocolateCake-Info.plist */ = {isa = PBXFileReference; lastKnownFileType = text.plist.xml; path = "MBChocolateCake-Info.plist"; sourceTree = "<group>"; };
		46BFBCCC1715FB3F00D4733E /* en */ = {isa = PBXFileReference; lastKnownFileType = text.plist.strings; name = en; path = en.lproj/InfoPlist.strings; sourceTree = "<group>"; };
		46BFBCCE1715FB3F00D4733E /* main.m */ = {isa = PBXFileReference; lastKnownFileType = sourcecode.c.objc; path = main.m; sourceTree = "<group>"; };
		46BFBCD01715FB3F00D4733E /* MBChocolateCake-Prefix.pch */ = {isa = PBXFileReference; lastKnownFileType = sourcecode.c.h; path = "MBChocolateCake-Prefix.pch"; sourceTree = "<group>"; };
		46BFBCD11715FB3F00D4733E /* CKAppDelegate.h */ = {isa = PBXFileReference; lastKnownFileType = sourcecode.c.h; path = CKAppDelegate.h; sourceTree = "<group>"; };
		46BFBCD21715FB3F00D4733E /* CKAppDelegate.m */ = {isa = PBXFileReference; lastKnownFileType = sourcecode.c.objc; path = CKAppDelegate.m; sourceTree = "<group>"; };
		46BFBCD41715FB3F00D4733E /* Default.png */ = {isa = PBXFileReference; lastKnownFileType = image.png; path = Default.png; sourceTree = "<group>"; };
		46BFBCD61715FB3F00D4733E /* Default@2x.png */ = {isa = PBXFileReference; lastKnownFileType = image.png; path = "Default@2x.png"; sourceTree = "<group>"; };
		46BFBCD81715FB3F00D4733E /* Default-568h@2x.png */ = {isa = PBXFileReference; lastKnownFileType = image.png; path = "Default-568h@2x.png"; sourceTree = "<group>"; };
		46BFBCDA1715FB3F00D4733E /* CKViewController.h */ = {isa = PBXFileReference; lastKnownFileType = sourcecode.c.h; path = CKViewController.h; sourceTree = "<group>"; };
		46BFBCDB1715FB3F00D4733E /* CKViewController.m */ = {isa = PBXFileReference; lastKnownFileType = sourcecode.c.objc; path = CKViewController.m; sourceTree = "<group>"; };
		46BFBCDE1715FB3F00D4733E /* en */ = {isa = PBXFileReference; lastKnownFileType = file.xib; name = en; path = en.lproj/CKViewController.xib; sourceTree = "<group>"; };
		46BFBCE51715FB3F00D4733E /* MBChocolateCakeTests.octest */ = {isa = PBXFileReference; explicitFileType = wrapper.cfbundle; includeInIndex = 0; path = MBChocolateCakeTests.octest; sourceTree = BUILT_PRODUCTS_DIR; };
		46BFBCE61715FB3F00D4733E /* SenTestingKit.framework */ = {isa = PBXFileReference; lastKnownFileType = wrapper.framework; name = SenTestingKit.framework; path = Library/Frameworks/SenTestingKit.framework; sourceTree = DEVELOPER_DIR; };
		46BFBCEE1715FB3F00D4733E /* MBChocolateCakeTests-Info.plist */ = {isa = PBXFileReference; lastKnownFileType = text.plist.xml; path = "MBChocolateCakeTests-Info.plist"; sourceTree = "<group>"; };
		46BFBCF01715FB3F00D4733E /* en */ = {isa = PBXFileReference; lastKnownFileType = text.plist.strings; name = en; path = en.lproj/InfoPlist.strings; sourceTree = "<group>"; };
		46BFBCF21715FB3F00D4733E /* MBChocolateCakeTests.h */ = {isa = PBXFileReference; lastKnownFileType = sourcecode.c.h; path = MBChocolateCakeTests.h; sourceTree = "<group>"; };
		46BFBCF31715FB3F00D4733E /* MBChocolateCakeTests.m */ = {isa = PBXFileReference; lastKnownFileType = sourcecode.c.objc; path = MBChocolateCakeTests.m; sourceTree = "<group>"; };
		46BFBD15171603BB00D4733E /* UIColor+HexString.h */ = {isa = PBXFileReference; fileEncoding = 4; lastKnownFileType = sourcecode.c.h; path = "UIColor+HexString.h"; sourceTree = "<group>"; };
		46BFBD16171603BB00D4733E /* UIColor+HexString.m */ = {isa = PBXFileReference; fileEncoding = 4; lastKnownFileType = sourcecode.c.objc; path = "UIColor+HexString.m"; sourceTree = "<group>"; };
		46BFBD1C171603BB00D4733E /* CKCakeCellColors.h */ = {isa = PBXFileReference; fileEncoding = 4; lastKnownFileType = sourcecode.c.h; path = CKCakeCellColors.h; sourceTree = "<group>"; };
		46BFBD1D171603BB00D4733E /* CKCakeMonthCellStates.h */ = {isa = PBXFileReference; fileEncoding = 4; lastKnownFileType = sourcecode.c.h; path = CKCakeMonthCellStates.h; sourceTree = "<group>"; };
		46BFBD1E171603BB00D4733E /* CKCakeViewModes.h */ = {isa = PBXFileReference; fileEncoding = 4; lastKnownFileType = sourcecode.c.h; path = CKCakeViewModes.h; sourceTree = "<group>"; };
		46BFBD251716046E00D4733E /* NSString+Color.h */ = {isa = PBXFileReference; fileEncoding = 4; lastKnownFileType = sourcecode.c.h; path = "NSString+Color.h"; sourceTree = "<group>"; };
		46BFBD261716046E00D4733E /* NSString+Color.m */ = {isa = PBXFileReference; fileEncoding = 4; lastKnownFileType = sourcecode.c.objc; path = "NSString+Color.m"; sourceTree = "<group>"; };
		46BFBD2A171605C500D4733E /* CKCakeCell.h */ = {isa = PBXFileReference; fileEncoding = 4; lastKnownFileType = sourcecode.c.h; path = CKCakeCell.h; sourceTree = "<group>"; };
		46BFBD2B171605C500D4733E /* CKCakeCell.m */ = {isa = PBXFileReference; fileEncoding = 4; lastKnownFileType = sourcecode.c.objc; path = CKCakeCell.m; sourceTree = "<group>"; };
		46BFBD2C171605C500D4733E /* CKCakeView.h */ = {isa = PBXFileReference; fileEncoding = 4; lastKnownFileType = sourcecode.c.h; path = CKCakeView.h; sourceTree = "<group>"; };
		46BFBD2D171605C500D4733E /* CKCakeView.m */ = {isa = PBXFileReference; fileEncoding = 4; lastKnownFileType = sourcecode.c.objc; path = CKCakeView.m; sourceTree = "<group>"; };
		46BFBD321716152300D4733E /* NSCalendar+Ranges.h */ = {isa = PBXFileReference; fileEncoding = 4; lastKnownFileType = sourcecode.c.h; path = "NSCalendar+Ranges.h"; sourceTree = "<group>"; };
		46BFBD331716152300D4733E /* NSCalendar+Ranges.m */ = {isa = PBXFileReference; fileEncoding = 4; lastKnownFileType = sourcecode.c.objc; path = "NSCalendar+Ranges.m"; sourceTree = "<group>"; };
		46F1BC6F1718853100F8356F /* UIView+Border.h */ = {isa = PBXFileReference; fileEncoding = 4; lastKnownFileType = sourcecode.c.h; path = "UIView+Border.h"; sourceTree = "<group>"; };
		46F1BC701718853100F8356F /* UIView+Border.m */ = {isa = PBXFileReference; fileEncoding = 4; lastKnownFileType = sourcecode.c.objc; path = "UIView+Border.m"; sourceTree = "<group>"; };
		46F1BC781718949600F8356F /* NSDate+Components.h */ = {isa = PBXFileReference; fileEncoding = 4; lastKnownFileType = sourcecode.c.h; path = "NSDate+Components.h"; sourceTree = "<group>"; };
		46F1BC791718949600F8356F /* NSDate+Components.m */ = {isa = PBXFileReference; fileEncoding = 4; lastKnownFileType = sourcecode.c.objc; path = "NSDate+Components.m"; sourceTree = "<group>"; };
		46F1BC7C171897AF00F8356F /* NSDateComponents+AllComponents.h */ = {isa = PBXFileReference; fileEncoding = 4; lastKnownFileType = sourcecode.c.h; path = "NSDateComponents+AllComponents.h"; sourceTree = "<group>"; };
		46F1BC7D171897AF00F8356F /* NSDateComponents+AllComponents.m */ = {isa = PBXFileReference; fileEncoding = 4; lastKnownFileType = sourcecode.c.objc; path = "NSDateComponents+AllComponents.m"; sourceTree = "<group>"; };
/* End PBXFileReference section */

/* Begin PBXFrameworksBuildPhase section */
		46BFBCBC1715FB3F00D4733E /* Frameworks */ = {
			isa = PBXFrameworksBuildPhase;
			buildActionMask = 2147483647;
			files = (
				46631FB9171B025600DA27CC /* QuartzCore.framework in Frameworks */,
				46BFBCC31715FB3F00D4733E /* UIKit.framework in Frameworks */,
				46BFBCC51715FB3F00D4733E /* Foundation.framework in Frameworks */,
				46BFBCC71715FB3F00D4733E /* CoreGraphics.framework in Frameworks */,
			);
			runOnlyForDeploymentPostprocessing = 0;
		};
		46BFBCE11715FB3F00D4733E /* Frameworks */ = {
			isa = PBXFrameworksBuildPhase;
			buildActionMask = 2147483647;
			files = (
				46631FB8171B01F400DA27CC /* QuartzCore.framework in Frameworks */,
				46F1BC7317188D7200F8356F /* CoreGraphics.framework in Frameworks */,
				46BFBCE71715FB3F00D4733E /* SenTestingKit.framework in Frameworks */,
				46BFBCE81715FB3F00D4733E /* UIKit.framework in Frameworks */,
				46BFBCE91715FB3F00D4733E /* Foundation.framework in Frameworks */,
			);
			runOnlyForDeploymentPostprocessing = 0;
		};
/* End PBXFrameworksBuildPhase section */

/* Begin PBXGroup section */
		46B36799171A8B62000F1B25 /* NSCalendar */ = {
			isa = PBXGroup;
			children = (
				4645540C1718C87600074C6F /* NSCalendar+Components.h */,
				4645540D1718C87600074C6F /* NSCalendar+Components.m */,
				46B36788171A3C1F000F1B25 /* NSCalendar+DateComparison.h */,
				46B36789171A3C1F000F1B25 /* NSCalendar+DateComparison.m */,
				46A60E791716639B002F150B /* NSCalendar+DateManipulation.h */,
				46A60E7A1716639B002F150B /* NSCalendar+DateManipulation.m */,
				46BFBD321716152300D4733E /* NSCalendar+Ranges.h */,
				46BFBD331716152300D4733E /* NSCalendar+Ranges.m */,
				46A60E75171646F4002F150B /* NSCalendar+Juncture.h */,
				46A60E76171646F4002F150B /* NSCalendar+Juncture.m */,
			);
			name = NSCalendar;
			sourceTree = "<group>";
		};
		46B3679A171A8B72000F1B25 /* NSDate */ = {
			isa = PBXGroup;
			children = (
				46F1BC781718949600F8356F /* NSDate+Components.h */,
				46F1BC791718949600F8356F /* NSDate+Components.m */,
				46B36790171A7E0C000F1B25 /* NSDate+Description.h */,
				46B36791171A7E0C000F1B25 /* NSDate+Description.m */,
			);
			name = NSDate;
			sourceTree = "<group>";
		};
		46B3679B171A8B7F000F1B25 /* NSDateComponents */ = {
			isa = PBXGroup;
			children = (
				46F1BC7C171897AF00F8356F /* NSDateComponents+AllComponents.h */,
				46F1BC7D171897AF00F8356F /* NSDateComponents+AllComponents.m */,
			);
			name = NSDateComponents;
			sourceTree = "<group>";
		};
		46B3679C171A8B89000F1B25 /* NSString */ = {
			isa = PBXGroup;
			children = (
				46BFBD251716046E00D4733E /* NSString+Color.h */,
				46BFBD261716046E00D4733E /* NSString+Color.m */,
			);
			name = NSString;
			sourceTree = "<group>";
		};
		46B3679D171A8B90000F1B25 /* UIView */ = {
			isa = PBXGroup;
			children = (
				46F1BC6F1718853100F8356F /* UIView+Border.h */,
				46F1BC701718853100F8356F /* UIView+Border.m */,
			);
			name = UIView;
			sourceTree = "<group>";
		};
		46B3679E171A8B98000F1B25 /* UIColor */ = {
			isa = PBXGroup;
			children = (
				46BFBD15171603BB00D4733E /* UIColor+HexString.h */,
				46BFBD16171603BB00D4733E /* UIColor+HexString.m */,
			);
			name = UIColor;
			sourceTree = "<group>";
		};
		46BFBCB61715FB3F00D4733E = {
			isa = PBXGroup;
			children = (
				46BFBD13171603BB00D4733E /* CKCakeView */,
				46BFBCC81715FB3F00D4733E /* MBChocolateCake */,
				46BFBCEC1715FB3F00D4733E /* MBChocolateCakeTests */,
				46BFBCC11715FB3F00D4733E /* Frameworks */,
				46BFBCC01715FB3F00D4733E /* Products */,
			);
			sourceTree = "<group>";
		};
		46BFBCC01715FB3F00D4733E /* Products */ = {
			isa = PBXGroup;
			children = (
				46BFBCBF1715FB3F00D4733E /* MBChocolateCake.app */,
				46BFBCE51715FB3F00D4733E /* MBChocolateCakeTests.octest */,
			);
			name = Products;
			sourceTree = "<group>";
		};
		46BFBCC11715FB3F00D4733E /* Frameworks */ = {
			isa = PBXGroup;
			children = (
				46BFBCC61715FB3F00D4733E /* CoreGraphics.framework */,
				46BFBCC41715FB3F00D4733E /* Foundation.framework */,
				46631FB7171B01F400DA27CC /* QuartzCore.framework */,
				46BFBCE61715FB3F00D4733E /* SenTestingKit.framework */,
				46BFBCC21715FB3F00D4733E /* UIKit.framework */,
			);
			name = Frameworks;
			sourceTree = "<group>";
		};
		46BFBCC81715FB3F00D4733E /* MBChocolateCake */ = {
			isa = PBXGroup;
			children = (
				46BFBCD11715FB3F00D4733E /* CKAppDelegate.h */,
				46BFBCD21715FB3F00D4733E /* CKAppDelegate.m */,
				46BFBCDA1715FB3F00D4733E /* CKViewController.h */,
				46BFBCDB1715FB3F00D4733E /* CKViewController.m */,
				46BFBCDD1715FB3F00D4733E /* CKViewController.xib */,
				46BFBCC91715FB3F00D4733E /* Supporting Files */,
			);
			path = MBChocolateCake;
			sourceTree = "<group>";
		};
		46BFBCC91715FB3F00D4733E /* Supporting Files */ = {
			isa = PBXGroup;
			children = (
				46BFBCCA1715FB3F00D4733E /* MBChocolateCake-Info.plist */,
				46BFBCCB1715FB3F00D4733E /* InfoPlist.strings */,
				46BFBCCE1715FB3F00D4733E /* main.m */,
				46BFBCD01715FB3F00D4733E /* MBChocolateCake-Prefix.pch */,
				46BFBCD41715FB3F00D4733E /* Default.png */,
				46BFBCD61715FB3F00D4733E /* Default@2x.png */,
				46BFBCD81715FB3F00D4733E /* Default-568h@2x.png */,
			);
			name = "Supporting Files";
			sourceTree = "<group>";
		};
		46BFBCEC1715FB3F00D4733E /* MBChocolateCakeTests */ = {
			isa = PBXGroup;
			children = (
				46BFBCF21715FB3F00D4733E /* MBChocolateCakeTests.h */,
				46BFBCF31715FB3F00D4733E /* MBChocolateCakeTests.m */,
				46BFBCED1715FB3F00D4733E /* Supporting Files */,
			);
			path = MBChocolateCakeTests;
			sourceTree = "<group>";
		};
		46BFBCED1715FB3F00D4733E /* Supporting Files */ = {
			isa = PBXGroup;
			children = (
				46BFBCEE1715FB3F00D4733E /* MBChocolateCakeTests-Info.plist */,
				46BFBCEF1715FB3F00D4733E /* InfoPlist.strings */,
			);
			name = "Supporting Files";
			sourceTree = "<group>";
		};
		46BFBD13171603BB00D4733E /* CKCakeView */ = {
			isa = PBXGroup;
			children = (
				46BFBD29171605C500D4733E /* CoreUI */,
				46BFBD1B171603BB00D4733E /* Headers */,
				46BFBD14171603BB00D4733E /* Categories */,
			);
			name = CKCakeView;
			path = MBChocolateCake/MBChocolateCake;
			sourceTree = "<group>";
		};
		46BFBD14171603BB00D4733E /* Categories */ = {
			isa = PBXGroup;
			children = (
				46B36798171A8B52000F1B25 /* NSCalendarCategories.h */,
				46B3679E171A8B98000F1B25 /* UIColor */,
				46B3679D171A8B90000F1B25 /* UIView */,
				46B3679C171A8B89000F1B25 /* NSString */,
				46B36799171A8B62000F1B25 /* NSCalendar */,
				46B3679A171A8B72000F1B25 /* NSDate */,
				46B3679B171A8B7F000F1B25 /* NSDateComponents */,
			);
			path = Categories;
			sourceTree = "<group>";
		};
		46BFBD1B171603BB00D4733E /* Headers */ = {
			isa = PBXGroup;
			children = (
				46631FB6171AA09800DA27CC /* CKCakeHeaderColors.h */,
				46BFBD1C171603BB00D4733E /* CKCakeCellColors.h */,
				46BFBD1D171603BB00D4733E /* CKCakeMonthCellStates.h */,
				46BFBD1E171603BB00D4733E /* CKCakeViewModes.h */,
			);
			path = Headers;
			sourceTree = "<group>";
		};
		46BFBD29171605C500D4733E /* CoreUI */ = {
			isa = PBXGroup;
			children = (
				46BFBD2A171605C500D4733E /* CKCakeCell.h */,
				46BFBD2B171605C500D4733E /* CKCakeCell.m */,
				46B36794171A8A34000F1B25 /* CKCakeHeaderView.h */,
				46B36795171A8A34000F1B25 /* CKCakeHeaderView.m */,
				46B1F44E171BAD0D003314A3 /* MBPolygonView.h */,
				46B1F44F171BAD0D003314A3 /* MBPolygonView.m */,
				46BFBD2C171605C500D4733E /* CKCakeView.h */,
				46BFBD2D171605C500D4733E /* CKCakeView.m */,
				46B1F446171B82B9003314A3 /* CKCakeEvent.h */,
				46B1F447171B82B9003314A3 /* CKCakeEvent.m */,
			);
			name = CoreUI;
			path = Core;
			sourceTree = "<group>";
		};
/* End PBXGroup section */

/* Begin PBXNativeTarget section */
		46BFBCBE1715FB3F00D4733E /* MBChocolateCake */ = {
			isa = PBXNativeTarget;
			buildConfigurationList = 46BFBCF71715FB3F00D4733E /* Build configuration list for PBXNativeTarget "MBChocolateCake" */;
			buildPhases = (
				46BFBCBB1715FB3F00D4733E /* Sources */,
				46BFBCBC1715FB3F00D4733E /* Frameworks */,
				46BFBCBD1715FB3F00D4733E /* Resources */,
			);
			buildRules = (
			);
			dependencies = (
			);
			name = MBChocolateCake;
			productName = MBChocolateCake;
			productReference = 46BFBCBF1715FB3F00D4733E /* MBChocolateCake.app */;
			productType = "com.apple.product-type.application";
		};
		46BFBCE41715FB3F00D4733E /* MBChocolateCakeTests */ = {
			isa = PBXNativeTarget;
			buildConfigurationList = 46BFBCFA1715FB3F00D4733E /* Build configuration list for PBXNativeTarget "MBChocolateCakeTests" */;
			buildPhases = (
				46BFBCE01715FB3F00D4733E /* Sources */,
				46BFBCE11715FB3F00D4733E /* Frameworks */,
				46BFBCE21715FB3F00D4733E /* Resources */,
				46BFBCE31715FB3F00D4733E /* ShellScript */,
			);
			buildRules = (
			);
			dependencies = (
				46BFBCEB1715FB3F00D4733E /* PBXTargetDependency */,
			);
			name = MBChocolateCakeTests;
			productName = MBChocolateCakeTests;
			productReference = 46BFBCE51715FB3F00D4733E /* MBChocolateCakeTests.octest */;
			productType = "com.apple.product-type.bundle";
		};
/* End PBXNativeTarget section */

/* Begin PBXProject section */
		46BFBCB71715FB3F00D4733E /* Project object */ = {
			isa = PBXProject;
			attributes = {
				CLASSPREFIX = CK;
				LastUpgradeCheck = 0460;
				ORGANIZATIONNAME = "Moshe Berman";
			};
			buildConfigurationList = 46BFBCBA1715FB3F00D4733E /* Build configuration list for PBXProject "MBChocolateCake" */;
			compatibilityVersion = "Xcode 3.2";
			developmentRegion = English;
			hasScannedForEncodings = 0;
			knownRegions = (
				en,
			);
			mainGroup = 46BFBCB61715FB3F00D4733E;
			productRefGroup = 46BFBCC01715FB3F00D4733E /* Products */;
			projectDirPath = "";
			projectRoot = "";
			targets = (
				46BFBCBE1715FB3F00D4733E /* MBChocolateCake */,
				46BFBCE41715FB3F00D4733E /* MBChocolateCakeTests */,
			);
		};
/* End PBXProject section */

/* Begin PBXResourcesBuildPhase section */
		46BFBCBD1715FB3F00D4733E /* Resources */ = {
			isa = PBXResourcesBuildPhase;
			buildActionMask = 2147483647;
			files = (
				46BFBCCD1715FB3F00D4733E /* InfoPlist.strings in Resources */,
				46BFBCD51715FB3F00D4733E /* Default.png in Resources */,
				46BFBCD71715FB3F00D4733E /* Default@2x.png in Resources */,
				46BFBCD91715FB3F00D4733E /* Default-568h@2x.png in Resources */,
				46BFBCDF1715FB3F00D4733E /* CKViewController.xib in Resources */,
			);
			runOnlyForDeploymentPostprocessing = 0;
		};
		46BFBCE21715FB3F00D4733E /* Resources */ = {
			isa = PBXResourcesBuildPhase;
			buildActionMask = 2147483647;
			files = (
				46BFBCF11715FB3F00D4733E /* InfoPlist.strings in Resources */,
			);
			runOnlyForDeploymentPostprocessing = 0;
		};
/* End PBXResourcesBuildPhase section */

/* Begin PBXShellScriptBuildPhase section */
		46BFBCE31715FB3F00D4733E /* ShellScript */ = {
			isa = PBXShellScriptBuildPhase;
			buildActionMask = 2147483647;
			files = (
			);
			inputPaths = (
			);
			outputPaths = (
			);
			runOnlyForDeploymentPostprocessing = 0;
			shellPath = /bin/sh;
			shellScript = "# Run the unit tests in this test bundle.\n\"${SYSTEM_DEVELOPER_DIR}/Tools/RunUnitTests\"\n";
		};
/* End PBXShellScriptBuildPhase section */

/* Begin PBXSourcesBuildPhase section */
		46BFBCBB1715FB3F00D4733E /* Sources */ = {
			isa = PBXSourcesBuildPhase;
			buildActionMask = 2147483647;
			files = (
				46BFBCCF1715FB3F00D4733E /* main.m in Sources */,
				46BFBCD31715FB3F00D4733E /* CKAppDelegate.m in Sources */,
				46BFBCDC1715FB3F00D4733E /* CKViewController.m in Sources */,
				46BFBD1F171603BB00D4733E /* UIColor+HexString.m in Sources */,
				46BFBD271716046E00D4733E /* NSString+Color.m in Sources */,
				46BFBD2E171605C500D4733E /* CKCakeCell.m in Sources */,
				46BFBD30171605C500D4733E /* CKCakeView.m in Sources */,
				46BFBD341716152300D4733E /* NSCalendar+Ranges.m in Sources */,
				46A60E77171646F4002F150B /* NSCalendar+Juncture.m in Sources */,
				46A60E7B1716639B002F150B /* NSCalendar+DateManipulation.m in Sources */,
				46F1BC72171885E200F8356F /* UIView+Border.m in Sources */,
				46F1BC7A1718949600F8356F /* NSDate+Components.m in Sources */,
				46F1BC7E171897AF00F8356F /* NSDateComponents+AllComponents.m in Sources */,
				4645540E1718C87600074C6F /* NSCalendar+Components.m in Sources */,
				46B3678A171A3C1F000F1B25 /* NSCalendar+DateComparison.m in Sources */,
				46B36792171A7E0C000F1B25 /* NSDate+Description.m in Sources */,
				46B36796171A8A34000F1B25 /* CKCakeHeaderView.m in Sources */,
				46B1F448171B82B9003314A3 /* CKCakeEvent.m in Sources */,
				46B1F451171BADA7003314A3 /* MBPolygonView.m in Sources */,
			);
			runOnlyForDeploymentPostprocessing = 0;
		};
		46BFBCE01715FB3F00D4733E /* Sources */ = {
			isa = PBXSourcesBuildPhase;
			buildActionMask = 2147483647;
			files = (
				46BFBCF41715FB3F00D4733E /* MBChocolateCakeTests.m in Sources */,
				46BFBD20171603BB00D4733E /* UIColor+HexString.m in Sources */,
				46BFBD281716046E00D4733E /* NSString+Color.m in Sources */,
				46BFBD2F171605C500D4733E /* CKCakeCell.m in Sources */,
				46BFBD31171605C500D4733E /* CKCakeView.m in Sources */,
				46BFBD351716152300D4733E /* NSCalendar+Ranges.m in Sources */,
				46A60E78171646F4002F150B /* NSCalendar+Juncture.m in Sources */,
				46A60E7C1716639B002F150B /* NSCalendar+DateManipulation.m in Sources */,
				46F1BC711718853100F8356F /* UIView+Border.m in Sources */,
				46F1BC7B1718949600F8356F /* NSDate+Components.m in Sources */,
				46F1BC7F171897AF00F8356F /* NSDateComponents+AllComponents.m in Sources */,
				4645540F1718C87600074C6F /* NSCalendar+Components.m in Sources */,
				46B3678B171A3C1F000F1B25 /* NSCalendar+DateComparison.m in Sources */,
				46B36793171A7E0C000F1B25 /* NSDate+Description.m in Sources */,
				46B36797171A8A34000F1B25 /* CKCakeHeaderView.m in Sources */,
				46B1F449171B82B9003314A3 /* CKCakeEvent.m in Sources */,
				46B1F450171BAD0D003314A3 /* MBPolygonView.m in Sources */,
			);
			runOnlyForDeploymentPostprocessing = 0;
		};
/* End PBXSourcesBuildPhase section */

/* Begin PBXTargetDependency section */
		46BFBCEB1715FB3F00D4733E /* PBXTargetDependency */ = {
			isa = PBXTargetDependency;
			target = 46BFBCBE1715FB3F00D4733E /* MBChocolateCake */;
			targetProxy = 46BFBCEA1715FB3F00D4733E /* PBXContainerItemProxy */;
		};
/* End PBXTargetDependency section */

/* Begin PBXVariantGroup section */
		46BFBCCB1715FB3F00D4733E /* InfoPlist.strings */ = {
			isa = PBXVariantGroup;
			children = (
				46BFBCCC1715FB3F00D4733E /* en */,
			);
			name = InfoPlist.strings;
			sourceTree = "<group>";
		};
		46BFBCDD1715FB3F00D4733E /* CKViewController.xib */ = {
			isa = PBXVariantGroup;
			children = (
				46BFBCDE1715FB3F00D4733E /* en */,
			);
			name = CKViewController.xib;
			sourceTree = "<group>";
		};
		46BFBCEF1715FB3F00D4733E /* InfoPlist.strings */ = {
			isa = PBXVariantGroup;
			children = (
				46BFBCF01715FB3F00D4733E /* en */,
			);
			name = InfoPlist.strings;
			sourceTree = "<group>";
		};
/* End PBXVariantGroup section */

/* Begin XCBuildConfiguration section */
		46BFBCF51715FB3F00D4733E /* Debug */ = {
			isa = XCBuildConfiguration;
			buildSettings = {
				ALWAYS_SEARCH_USER_PATHS = NO;
				CLANG_CXX_LANGUAGE_STANDARD = "gnu++0x";
				CLANG_CXX_LIBRARY = "libc++";
				CLANG_ENABLE_OBJC_ARC = YES;
				CLANG_WARN_CONSTANT_CONVERSION = YES;
				CLANG_WARN_EMPTY_BODY = YES;
				CLANG_WARN_ENUM_CONVERSION = YES;
				CLANG_WARN_INT_CONVERSION = YES;
				CLANG_WARN__DUPLICATE_METHOD_MATCH = YES;
				"CODE_SIGN_IDENTITY[sdk=iphoneos*]" = "iPhone Developer";
				COPY_PHASE_STRIP = NO;
				GCC_C_LANGUAGE_STANDARD = gnu99;
				GCC_DYNAMIC_NO_PIC = NO;
				GCC_OPTIMIZATION_LEVEL = 0;
				GCC_PREPROCESSOR_DEFINITIONS = (
					"DEBUG=1",
					"$(inherited)",
				);
				GCC_SYMBOLS_PRIVATE_EXTERN = NO;
				GCC_WARN_ABOUT_RETURN_TYPE = YES;
				GCC_WARN_UNINITIALIZED_AUTOS = YES;
				GCC_WARN_UNUSED_VARIABLE = YES;
				IPHONEOS_DEPLOYMENT_TARGET = 6.1;
				ONLY_ACTIVE_ARCH = YES;
				SDKROOT = iphoneos;
			};
			name = Debug;
		};
		46BFBCF61715FB3F00D4733E /* Release */ = {
			isa = XCBuildConfiguration;
			buildSettings = {
				ALWAYS_SEARCH_USER_PATHS = NO;
				CLANG_CXX_LANGUAGE_STANDARD = "gnu++0x";
				CLANG_CXX_LIBRARY = "libc++";
				CLANG_ENABLE_OBJC_ARC = YES;
				CLANG_WARN_CONSTANT_CONVERSION = YES;
				CLANG_WARN_EMPTY_BODY = YES;
				CLANG_WARN_ENUM_CONVERSION = YES;
				CLANG_WARN_INT_CONVERSION = YES;
				CLANG_WARN__DUPLICATE_METHOD_MATCH = YES;
				"CODE_SIGN_IDENTITY[sdk=iphoneos*]" = "iPhone Developer";
				COPY_PHASE_STRIP = YES;
				GCC_C_LANGUAGE_STANDARD = gnu99;
				GCC_WARN_ABOUT_RETURN_TYPE = YES;
				GCC_WARN_UNINITIALIZED_AUTOS = YES;
				GCC_WARN_UNUSED_VARIABLE = YES;
				IPHONEOS_DEPLOYMENT_TARGET = 6.1;
				OTHER_CFLAGS = "-DNS_BLOCK_ASSERTIONS=1";
				SDKROOT = iphoneos;
				VALIDATE_PRODUCT = YES;
			};
			name = Release;
		};
		46BFBCF81715FB3F00D4733E /* Debug */ = {
			isa = XCBuildConfiguration;
			buildSettings = {
				GCC_PRECOMPILE_PREFIX_HEADER = YES;
				GCC_PREFIX_HEADER = "MBChocolateCake/MBChocolateCake-Prefix.pch";
				INFOPLIST_FILE = "MBChocolateCake/MBChocolateCake-Info.plist";
				PRODUCT_NAME = "$(TARGET_NAME)";
				WRAPPER_EXTENSION = app;
			};
			name = Debug;
		};
		46BFBCF91715FB3F00D4733E /* Release */ = {
			isa = XCBuildConfiguration;
			buildSettings = {
				GCC_PRECOMPILE_PREFIX_HEADER = YES;
				GCC_PREFIX_HEADER = "MBChocolateCake/MBChocolateCake-Prefix.pch";
				INFOPLIST_FILE = "MBChocolateCake/MBChocolateCake-Info.plist";
				PRODUCT_NAME = "$(TARGET_NAME)";
				WRAPPER_EXTENSION = app;
			};
			name = Release;
		};
		46BFBCFB1715FB3F00D4733E /* Debug */ = {
			isa = XCBuildConfiguration;
			buildSettings = {
				BUNDLE_LOADER = "$(BUILT_PRODUCTS_DIR)/MBChocolateCake.app/MBChocolateCake";
				FRAMEWORK_SEARCH_PATHS = (
					"\"$(SDKROOT)/Developer/Library/Frameworks\"",
					"\"$(DEVELOPER_LIBRARY_DIR)/Frameworks\"",
				);
				GCC_PRECOMPILE_PREFIX_HEADER = YES;
				GCC_PREFIX_HEADER = "MBChocolateCake/MBChocolateCake-Prefix.pch";
				INFOPLIST_FILE = "MBChocolateCakeTests/MBChocolateCakeTests-Info.plist";
				PRODUCT_NAME = "$(TARGET_NAME)";
				TEST_HOST = "$(BUNDLE_LOADER)";
				WRAPPER_EXTENSION = octest;
			};
			name = Debug;
		};
		46BFBCFC1715FB3F00D4733E /* Release */ = {
			isa = XCBuildConfiguration;
			buildSettings = {
				BUNDLE_LOADER = "$(BUILT_PRODUCTS_DIR)/MBChocolateCake.app/MBChocolateCake";
				FRAMEWORK_SEARCH_PATHS = (
					"\"$(SDKROOT)/Developer/Library/Frameworks\"",
					"\"$(DEVELOPER_LIBRARY_DIR)/Frameworks\"",
				);
				GCC_PRECOMPILE_PREFIX_HEADER = YES;
				GCC_PREFIX_HEADER = "MBChocolateCake/MBChocolateCake-Prefix.pch";
				INFOPLIST_FILE = "MBChocolateCakeTests/MBChocolateCakeTests-Info.plist";
				PRODUCT_NAME = "$(TARGET_NAME)";
				TEST_HOST = "$(BUNDLE_LOADER)";
				WRAPPER_EXTENSION = octest;
			};
			name = Release;
		};
/* End XCBuildConfiguration section */

/* Begin XCConfigurationList section */
		46BFBCBA1715FB3F00D4733E /* Build configuration list for PBXProject "MBChocolateCake" */ = {
			isa = XCConfigurationList;
			buildConfigurations = (
				46BFBCF51715FB3F00D4733E /* Debug */,
				46BFBCF61715FB3F00D4733E /* Release */,
			);
			defaultConfigurationIsVisible = 0;
			defaultConfigurationName = Release;
		};
		46BFBCF71715FB3F00D4733E /* Build configuration list for PBXNativeTarget "MBChocolateCake" */ = {
			isa = XCConfigurationList;
			buildConfigurations = (
				46BFBCF81715FB3F00D4733E /* Debug */,
				46BFBCF91715FB3F00D4733E /* Release */,
			);
			defaultConfigurationIsVisible = 0;
			defaultConfigurationName = Release;
		};
		46BFBCFA1715FB3F00D4733E /* Build configuration list for PBXNativeTarget "MBChocolateCakeTests" */ = {
			isa = XCConfigurationList;
			buildConfigurations = (
				46BFBCFB1715FB3F00D4733E /* Debug */,
				46BFBCFC1715FB3F00D4733E /* Release */,
			);
			defaultConfigurationIsVisible = 0;
			defaultConfigurationName = Release;
		};
/* End XCConfigurationList section */
	};
	rootObject = 46BFBCB71715FB3F00D4733E /* Project object */;
}
