// !$*UTF8*$!
{
	archiveVersion = 1;
	classes = {
	};
	objectVersion = 46;
	objects = {

/* Begin PBXBuildFile section */
		464A8758171F1AD000E7AB19 /* Foundation.framework in Frameworks */ = {isa = PBXBuildFile; fileRef = 464A8757171F1AD000E7AB19 /* Foundation.framework */; };
		464A875D171F1AD000E7AB19 /* CalendarKit.h in CopyFiles */ = {isa = PBXBuildFile; fileRef = 464A875C171F1AD000E7AB19 /* CalendarKit.h */; };
		464A875F171F1AD000E7AB19 /* CalendarKit.m in Sources */ = {isa = PBXBuildFile; fileRef = 464A875E171F1AD000E7AB19 /* CalendarKit.m */; };
		464A8767171F1AD000E7AB19 /* SenTestingKit.framework in Frameworks */ = {isa = PBXBuildFile; fileRef = 464A8766171F1AD000E7AB19 /* SenTestingKit.framework */; };
		464A8769171F1AD000E7AB19 /* UIKit.framework in Frameworks */ = {isa = PBXBuildFile; fileRef = 464A8768171F1AD000E7AB19 /* UIKit.framework */; };
		464A876A171F1AD000E7AB19 /* Foundation.framework in Frameworks */ = {isa = PBXBuildFile; fileRef = 464A8757171F1AD000E7AB19 /* Foundation.framework */; };
		464A876D171F1AD000E7AB19 /* libCalendarKit.a in Frameworks */ = {isa = PBXBuildFile; fileRef = 464A8754171F1AD000E7AB19 /* libCalendarKit.a */; };
		464A8773171F1AD000E7AB19 /* InfoPlist.strings in Resources */ = {isa = PBXBuildFile; fileRef = 464A8771171F1AD000E7AB19 /* InfoPlist.strings */; };
		464A8776171F1AD000E7AB19 /* CalendarKitTests.m in Sources */ = {isa = PBXBuildFile; fileRef = 464A8775171F1AD000E7AB19 /* CalendarKitTests.m */; };
/* End PBXBuildFile section */

/* Begin PBXContainerItemProxy section */
		464A876B171F1AD000E7AB19 /* PBXContainerItemProxy */ = {
			isa = PBXContainerItemProxy;
			containerPortal = 464A874C171F1AD000E7AB19 /* Project object */;
			proxyType = 1;
			remoteGlobalIDString = 464A8753171F1AD000E7AB19;
			remoteInfo = CalendarKit;
		};
/* End PBXContainerItemProxy section */

/* Begin PBXCopyFilesBuildPhase section */
		464A8752171F1AD000E7AB19 /* CopyFiles */ = {
			isa = PBXCopyFilesBuildPhase;
			buildActionMask = 2147483647;
			dstPath = "include/${PRODUCT_NAME}";
			dstSubfolderSpec = 16;
			files = (
				464A875D171F1AD000E7AB19 /* CalendarKit.h in CopyFiles */,
			);
			runOnlyForDeploymentPostprocessing = 0;
		};
/* End PBXCopyFilesBuildPhase section */

/* Begin PBXFileReference section */
		464A8754171F1AD000E7AB19 /* libCalendarKit.a */ = {isa = PBXFileReference; explicitFileType = archive.ar; includeInIndex = 0; path = libCalendarKit.a; sourceTree = BUILT_PRODUCTS_DIR; };
		464A8757171F1AD000E7AB19 /* Foundation.framework */ = {isa = PBXFileReference; lastKnownFileType = wrapper.framework; name = Foundation.framework; path = System/Library/Frameworks/Foundation.framework; sourceTree = SDKROOT; };
		464A875B171F1AD000E7AB19 /* CalendarKit-Prefix.pch */ = {isa = PBXFileReference; lastKnownFileType = sourcecode.c.h; path = "CalendarKit-Prefix.pch"; sourceTree = "<group>"; };
		464A875C171F1AD000E7AB19 /* CalendarKit.h */ = {isa = PBXFileReference; lastKnownFileType = sourcecode.c.h; path = CalendarKit.h; sourceTree = "<group>"; };
		464A875E171F1AD000E7AB19 /* CalendarKit.m */ = {isa = PBXFileReference; lastKnownFileType = sourcecode.c.objc; path = CalendarKit.m; sourceTree = "<group>"; };
		464A8765171F1AD000E7AB19 /* CalendarKitTests.octest */ = {isa = PBXFileReference; explicitFileType = wrapper.cfbundle; includeInIndex = 0; path = CalendarKitTests.octest; sourceTree = BUILT_PRODUCTS_DIR; };
		464A8766171F1AD000E7AB19 /* SenTestingKit.framework */ = {isa = PBXFileReference; lastKnownFileType = wrapper.framework; name = SenTestingKit.framework; path = Library/Frameworks/SenTestingKit.framework; sourceTree = DEVELOPER_DIR; };
		464A8768171F1AD000E7AB19 /* UIKit.framework */ = {isa = PBXFileReference; lastKnownFileType = wrapper.framework; name = UIKit.framework; path = Library/Frameworks/UIKit.framework; sourceTree = DEVELOPER_DIR; };
		464A8770171F1AD000E7AB19 /* CalendarKitTests-Info.plist */ = {isa = PBXFileReference; lastKnownFileType = text.plist.xml; path = "CalendarKitTests-Info.plist"; sourceTree = "<group>"; };
		464A8772171F1AD000E7AB19 /* en */ = {isa = PBXFileReference; lastKnownFileType = text.plist.strings; name = en; path = en.lproj/InfoPlist.strings; sourceTree = "<group>"; };
		464A8774171F1AD000E7AB19 /* CalendarKitTests.h */ = {isa = PBXFileReference; lastKnownFileType = sourcecode.c.h; path = CalendarKitTests.h; sourceTree = "<group>"; };
		464A8775171F1AD000E7AB19 /* CalendarKitTests.m */ = {isa = PBXFileReference; lastKnownFileType = sourcecode.c.objc; path = CalendarKitTests.m; sourceTree = "<group>"; };
/* End PBXFileReference section */

/* Begin PBXFrameworksBuildPhase section */
		464A8751171F1AD000E7AB19 /* Frameworks */ = {
			isa = PBXFrameworksBuildPhase;
			buildActionMask = 2147483647;
			files = (
				464A8758171F1AD000E7AB19 /* Foundation.framework in Frameworks */,
			);
			runOnlyForDeploymentPostprocessing = 0;
		};
		464A8761171F1AD000E7AB19 /* Frameworks */ = {
			isa = PBXFrameworksBuildPhase;
			buildActionMask = 2147483647;
			files = (
				464A8767171F1AD000E7AB19 /* SenTestingKit.framework in Frameworks */,
				464A8769171F1AD000E7AB19 /* UIKit.framework in Frameworks */,
				464A876A171F1AD000E7AB19 /* Foundation.framework in Frameworks */,
				464A876D171F1AD000E7AB19 /* libCalendarKit.a in Frameworks */,
			);
			runOnlyForDeploymentPostprocessing = 0;
		};
/* End PBXFrameworksBuildPhase section */

/* Begin PBXGroup section */
		464A874B171F1AD000E7AB19 = {
			isa = PBXGroup;
			children = (
				464A8759171F1AD000E7AB19 /* CalendarKit */,
				464A876E171F1AD000E7AB19 /* CalendarKitTests */,
				464A8756171F1AD000E7AB19 /* Frameworks */,
				464A8755171F1AD000E7AB19 /* Products */,
			);
			sourceTree = "<group>";
		};
		464A8755171F1AD000E7AB19 /* Products */ = {
			isa = PBXGroup;
			children = (
				464A8754171F1AD000E7AB19 /* libCalendarKit.a */,
				464A8765171F1AD000E7AB19 /* CalendarKitTests.octest */,
			);
			name = Products;
			sourceTree = "<group>";
		};
		464A8756171F1AD000E7AB19 /* Frameworks */ = {
			isa = PBXGroup;
			children = (
				464A8757171F1AD000E7AB19 /* Foundation.framework */,
				464A8766171F1AD000E7AB19 /* SenTestingKit.framework */,
				464A8768171F1AD000E7AB19 /* UIKit.framework */,
			);
			name = Frameworks;
			sourceTree = "<group>";
		};
		464A8759171F1AD000E7AB19 /* CalendarKit */ = {
			isa = PBXGroup;
			children = (
				464A875C171F1AD000E7AB19 /* CalendarKit.h */,
				464A875E171F1AD000E7AB19 /* CalendarKit.m */,
				464A875A171F1AD000E7AB19 /* Supporting Files */,
			);
			path = CalendarKit;
			sourceTree = "<group>";
		};
		464A875A171F1AD000E7AB19 /* Supporting Files */ = {
			isa = PBXGroup;
			children = (
				464A875B171F1AD000E7AB19 /* CalendarKit-Prefix.pch */,
			);
			name = "Supporting Files";
			sourceTree = "<group>";
		};
		464A876E171F1AD000E7AB19 /* CalendarKitTests */ = {
			isa = PBXGroup;
			children = (
				464A8774171F1AD000E7AB19 /* CalendarKitTests.h */,
				464A8775171F1AD000E7AB19 /* CalendarKitTests.m */,
				464A876F171F1AD000E7AB19 /* Supporting Files */,
			);
			path = CalendarKitTests;
			sourceTree = "<group>";
		};
		464A876F171F1AD000E7AB19 /* Supporting Files */ = {
			isa = PBXGroup;
			children = (
				464A8770171F1AD000E7AB19 /* CalendarKitTests-Info.plist */,
				464A8771171F1AD000E7AB19 /* InfoPlist.strings */,
			);
			name = "Supporting Files";
			sourceTree = "<group>";
		};
/* End PBXGroup section */

/* Begin PBXNativeTarget section */
		464A8753171F1AD000E7AB19 /* CalendarKit */ = {
			isa = PBXNativeTarget;
			buildConfigurationList = 464A8779171F1AD000E7AB19 /* Build configuration list for PBXNativeTarget "CalendarKit" */;
			buildPhases = (
				464A8750171F1AD000E7AB19 /* Sources */,
				464A8751171F1AD000E7AB19 /* Frameworks */,
				464A8752171F1AD000E7AB19 /* CopyFiles */,
			);
			buildRules = (
			);
			dependencies = (
			);
			name = CalendarKit;
			productName = CalendarKit;
			productReference = 464A8754171F1AD000E7AB19 /* libCalendarKit.a */;
			productType = "com.apple.product-type.library.static";
		};
		464A8764171F1AD000E7AB19 /* CalendarKitTests */ = {
			isa = PBXNativeTarget;
			buildConfigurationList = 464A877C171F1AD000E7AB19 /* Build configuration list for PBXNativeTarget "CalendarKitTests" */;
			buildPhases = (
				464A8760171F1AD000E7AB19 /* Sources */,
				464A8761171F1AD000E7AB19 /* Frameworks */,
				464A8762171F1AD000E7AB19 /* Resources */,
				464A8763171F1AD000E7AB19 /* ShellScript */,
			);
			buildRules = (
			);
			dependencies = (
				464A876C171F1AD000E7AB19 /* PBXTargetDependency */,
			);
			name = CalendarKitTests;
			productName = CalendarKitTests;
			productReference = 464A8765171F1AD000E7AB19 /* CalendarKitTests.octest */;
			productType = "com.apple.product-type.bundle";
		};
/* End PBXNativeTarget section */

/* Begin PBXProject section */
		464A874C171F1AD000E7AB19 /* Project object */ = {
			isa = PBXProject;
			attributes = {
				LastUpgradeCheck = 0460;
				ORGANIZATIONNAME = "Moshe Berman";
			};
			buildConfigurationList = 464A874F171F1AD000E7AB19 /* Build configuration list for PBXProject "CalendarKit" */;
			compatibilityVersion = "Xcode 3.2";
			developmentRegion = English;
			hasScannedForEncodings = 0;
			knownRegions = (
				en,
			);
			mainGroup = 464A874B171F1AD000E7AB19;
			productRefGroup = 464A8755171F1AD000E7AB19 /* Products */;
			projectDirPath = "";
			projectRoot = "";
			targets = (
				464A8753171F1AD000E7AB19 /* CalendarKit */,
				464A8764171F1AD000E7AB19 /* CalendarKitTests */,
			);
		};
/* End PBXProject section */

/* Begin PBXResourcesBuildPhase section */
		464A8762171F1AD000E7AB19 /* Resources */ = {
			isa = PBXResourcesBuildPhase;
			buildActionMask = 2147483647;
			files = (
				464A8773171F1AD000E7AB19 /* InfoPlist.strings in Resources */,
			);
			runOnlyForDeploymentPostprocessing = 0;
		};
/* End PBXResourcesBuildPhase section */

/* Begin PBXShellScriptBuildPhase section */
		464A8763171F1AD000E7AB19 /* ShellScript */ = {
			isa = PBXShellScriptBuildPhase;
			buildActionMask = 2147483647;
			files = (
			);
			inputPaths = (
			);
			outputPaths = (
			);
			runOnlyForDeploymentPostprocessing = 0;
			shellPath = /bin/sh;
			shellScript = "# Run the unit tests in this test bundle.\n\"${SYSTEM_DEVELOPER_DIR}/Tools/RunUnitTests\"\n";
		};
/* End PBXShellScriptBuildPhase section */

/* Begin PBXSourcesBuildPhase section */
		464A8750171F1AD000E7AB19 /* Sources */ = {
			isa = PBXSourcesBuildPhase;
			buildActionMask = 2147483647;
			files = (
				464A875F171F1AD000E7AB19 /* CalendarKit.m in Sources */,
			);
			runOnlyForDeploymentPostprocessing = 0;
		};
		464A8760171F1AD000E7AB19 /* Sources */ = {
			isa = PBXSourcesBuildPhase;
			buildActionMask = 2147483647;
			files = (
				464A8776171F1AD000E7AB19 /* CalendarKitTests.m in Sources */,
			);
			runOnlyForDeploymentPostprocessing = 0;
		};
/* End PBXSourcesBuildPhase section */

/* Begin PBXTargetDependency section */
		464A876C171F1AD000E7AB19 /* PBXTargetDependency */ = {
			isa = PBXTargetDependency;
			target = 464A8753171F1AD000E7AB19 /* CalendarKit */;
			targetProxy = 464A876B171F1AD000E7AB19 /* PBXContainerItemProxy */;
		};
/* End PBXTargetDependency section */

/* Begin PBXVariantGroup section */
		464A8771171F1AD000E7AB19 /* InfoPlist.strings */ = {
			isa = PBXVariantGroup;
			children = (
				464A8772171F1AD000E7AB19 /* en */,
			);
			name = InfoPlist.strings;
			sourceTree = "<group>";
		};
/* End PBXVariantGroup section */

/* Begin XCBuildConfiguration section */
		464A8777171F1AD000E7AB19 /* Debug */ = {
			isa = XCBuildConfiguration;
			buildSettings = {
				ALWAYS_SEARCH_USER_PATHS = NO;
				CLANG_CXX_LANGUAGE_STANDARD = "gnu++0x";
				CLANG_CXX_LIBRARY = "libc++";
				CLANG_ENABLE_OBJC_ARC = YES;
				CLANG_WARN_CONSTANT_CONVERSION = YES;
				CLANG_WARN_EMPTY_BODY = YES;
				CLANG_WARN_ENUM_CONVERSION = YES;
				CLANG_WARN_INT_CONVERSION = YES;
				CLANG_WARN__DUPLICATE_METHOD_MATCH = YES;
				COPY_PHASE_STRIP = NO;
				GCC_C_LANGUAGE_STANDARD = gnu99;
				GCC_DYNAMIC_NO_PIC = NO;
				GCC_OPTIMIZATION_LEVEL = 0;
				GCC_PREPROCESSOR_DEFINITIONS = (
					"DEBUG=1",
					"$(inherited)",
				);
				GCC_SYMBOLS_PRIVATE_EXTERN = NO;
				GCC_WARN_ABOUT_RETURN_TYPE = YES;
				GCC_WARN_UNINITIALIZED_AUTOS = YES;
				GCC_WARN_UNUSED_VARIABLE = YES;
				IPHONEOS_DEPLOYMENT_TARGET = 6.1;
				ONLY_ACTIVE_ARCH = YES;
				SDKROOT = iphoneos;
			};
			name = Debug;
		};
		464A8778171F1AD000E7AB19 /* Release */ = {
			isa = XCBuildConfiguration;
			buildSettings = {
				ALWAYS_SEARCH_USER_PATHS = NO;
				CLANG_CXX_LANGUAGE_STANDARD = "gnu++0x";
				CLANG_CXX_LIBRARY = "libc++";
				CLANG_ENABLE_OBJC_ARC = YES;
				CLANG_WARN_CONSTANT_CONVERSION = YES;
				CLANG_WARN_EMPTY_BODY = YES;
				CLANG_WARN_ENUM_CONVERSION = YES;
				CLANG_WARN_INT_CONVERSION = YES;
				CLANG_WARN__DUPLICATE_METHOD_MATCH = YES;
				COPY_PHASE_STRIP = YES;
				GCC_C_LANGUAGE_STANDARD = gnu99;
				GCC_WARN_ABOUT_RETURN_TYPE = YES;
				GCC_WARN_UNINITIALIZED_AUTOS = YES;
				GCC_WARN_UNUSED_VARIABLE = YES;
				IPHONEOS_DEPLOYMENT_TARGET = 6.1;
				SDKROOT = iphoneos;
				VALIDATE_PRODUCT = YES;
			};
			name = Release;
		};
		464A877A171F1AD000E7AB19 /* Debug */ = {
			isa = XCBuildConfiguration;
			buildSettings = {
				DSTROOT = /tmp/CalendarKit.dst;
				GCC_PRECOMPILE_PREFIX_HEADER = YES;
				GCC_PREFIX_HEADER = "CalendarKit/CalendarKit-Prefix.pch";
				OTHER_LDFLAGS = "-ObjC";
				PRODUCT_NAME = "$(TARGET_NAME)";
				SKIP_INSTALL = YES;
			};
			name = Debug;
		};
		464A877B171F1AD000E7AB19 /* Release */ = {
			isa = XCBuildConfiguration;
			buildSettings = {
				DSTROOT = /tmp/CalendarKit.dst;
				GCC_PRECOMPILE_PREFIX_HEADER = YES;
				GCC_PREFIX_HEADER = "CalendarKit/CalendarKit-Prefix.pch";
				OTHER_LDFLAGS = "-ObjC";
				PRODUCT_NAME = "$(TARGET_NAME)";
				SKIP_INSTALL = YES;
			};
			name = Release;
		};
		464A877D171F1AD000E7AB19 /* Debug */ = {
			isa = XCBuildConfiguration;
			buildSettings = {
				FRAMEWORK_SEARCH_PATHS = (
					"\"$(SDKROOT)/Developer/Library/Frameworks\"",
					"\"$(DEVELOPER_LIBRARY_DIR)/Frameworks\"",
				);
				GCC_PRECOMPILE_PREFIX_HEADER = YES;
				GCC_PREFIX_HEADER = "CalendarKit/CalendarKit-Prefix.pch";
				INFOPLIST_FILE = "CalendarKitTests/CalendarKitTests-Info.plist";
				PRODUCT_NAME = "$(TARGET_NAME)";
				WRAPPER_EXTENSION = octest;
			};
			name = Debug;
		};
		464A877E171F1AD000E7AB19 /* Release */ = {
			isa = XCBuildConfiguration;
			buildSettings = {
				FRAMEWORK_SEARCH_PATHS = (
					"\"$(SDKROOT)/Developer/Library/Frameworks\"",
					"\"$(DEVELOPER_LIBRARY_DIR)/Frameworks\"",
				);
				GCC_PRECOMPILE_PREFIX_HEADER = YES;
				GCC_PREFIX_HEADER = "CalendarKit/CalendarKit-Prefix.pch";
				INFOPLIST_FILE = "CalendarKitTests/CalendarKitTests-Info.plist";
				PRODUCT_NAME = "$(TARGET_NAME)";
				WRAPPER_EXTENSION = octest;
			};
			name = Release;
		};
/* End XCBuildConfiguration section */

/* Begin XCConfigurationList section */
		464A874F171F1AD000E7AB19 /* Build configuration list for PBXProject "CalendarKit" */ = {
			isa = XCConfigurationList;
			buildConfigurations = (
				464A8777171F1AD000E7AB19 /* Debug */,
				464A8778171F1AD000E7AB19 /* Release */,
			);
			defaultConfigurationIsVisible = 0;
			defaultConfigurationName = Release;
		};
		464A8779171F1AD000E7AB19 /* Build configuration list for PBXNativeTarget "CalendarKit" */ = {
			isa = XCConfigurationList;
			buildConfigurations = (
				464A877A171F1AD000E7AB19 /* Debug */,
				464A877B171F1AD000E7AB19 /* Release */,
			);
			defaultConfigurationIsVisible = 0;
		};
		464A877C171F1AD000E7AB19 /* Build configuration list for PBXNativeTarget "CalendarKitTests" */ = {
			isa = XCConfigurationList;
			buildConfigurations = (
				464A877D171F1AD000E7AB19 /* Debug */,
				464A877E171F1AD000E7AB19 /* Release */,
			);
			defaultConfigurationIsVisible = 0;
		};
/* End XCConfigurationList section */
	};
	rootObject = 464A874C171F1AD000E7AB19 /* Project object */;
}
